
Microsoft Visual Studio Solution File, Format Version 12.00
# Visual Studio Version 17
VisualStudioVersion = 17.4.33213.308
MinimumVisualStudioVersion = 10.0.40219.1
Project("{FAE04EC0-301F-11D3-BF4B-00C04F79EFBC}") = "InMemoryDatabase", "InMemoryDatabase\InMemoryDatabase.csproj", "{B49FA854-616E-43F6-B5AA-68D70D72D701}"
EndProject
Project("{FAE04EC0-301F-11D3-BF4B-00C04F79EFBC}") = "InMemoryDatabaseTest", "InMemoryDatabaseTest\InMemoryDatabaseTest.csproj", "{AD953D1C-9537-418E-BAF0-A73AA7C4C10E}"
EndProject
Global
	GlobalSection(SolutionConfigurationPlatforms) = preSolution
		Debug|Any CPU = Debug|Any CPU
		Release|Any CPU = Release|Any CPU
	EndGlobalSection
	GlobalSection(ProjectConfigurationPlatforms) = postSolution
		{B49FA854-616E-43F6-B5AA-68D70D72D701}.Debug|Any CPU.ActiveCfg = Debug|Any CPU
		{B49FA854-616E-43F6-B5AA-68D70D72D701}.Debug|Any CPU.Build.0 = Debug|Any CPU
		{B49FA854-616E-43F6-B5AA-68D70D72D701}.Release|Any CPU.ActiveCfg = Release|Any CPU
		{B49FA854-616E-43F6-B5AA-68D70D72D701}.Release|Any CPU.Build.0 = Release|Any CPU
		{AD953D1C-9537-418E-BAF0-A73AA7C4C10E}.Debug|Any CPU.ActiveCfg = Debug|Any CPU
		{AD953D1C-9537-418E-BAF0-A73AA7C4C10E}.Debug|Any CPU.Build.0 = Debug|Any CPU
		{AD953D1C-9537-418E-BAF0-A73AA7C4C10E}.Release|Any CPU.ActiveCfg = Release|Any CPU
		{AD953D1C-9537-418E-BAF0-A73AA7C4C10E}.Release|Any CPU.Build.0 = Release|Any CPU
	EndGlobalSection
	GlobalSection(SolutionProperties) = preSolution
		HideSolutionNode = FALSE
	EndGlobalSection
	GlobalSection(ExtensibilityGlobals) = postSolution
		SolutionGuid = {1E88FB67-84E4-42B0-8625-98AD44259EAC}
	EndGlobalSection
EndGlobal
